// !$*UTF8*$!
{
	archiveVersion = 1;
	classes = {
	};
	objectVersion = 46;
	objects = {

/* Begin PBXBuildFile section */
		EC732D5E1BE856B300AC13A9 /* main.m in Sources */ = {isa = PBXBuildFile; fileRef = EC732D5D1BE856B300AC13A9 /* main.m */; };
		EC732D611BE856B300AC13A9 /* AppDelegate.m in Sources */ = {isa = PBXBuildFile; fileRef = EC732D601BE856B300AC13A9 /* AppDelegate.m */; };
		EC732D671BE856B300AC13A9 /* Main.storyboard in Resources */ = {isa = PBXBuildFile; fileRef = EC732D651BE856B300AC13A9 /* Main.storyboard */; };
		EC732D691BE856B300AC13A9 /* Assets.xcassets in Resources */ = {isa = PBXBuildFile; fileRef = EC732D681BE856B300AC13A9 /* Assets.xcassets */; };
		EC732D6C1BE856B300AC13A9 /* LaunchScreen.storyboard in Resources */ = {isa = PBXBuildFile; fileRef = EC732D6A1BE856B300AC13A9 /* LaunchScreen.storyboard */; };
		EC732D751BE8570100AC13A9 /* MttMainViewController.m in Sources */ = {isa = PBXBuildFile; fileRef = EC732D741BE8570100AC13A9 /* MttMainViewController.m */; settings = {ASSET_TAGS = (); }; };
		EC732D781BE8587100AC13A9 /* MttAddressBar.m in Sources */ = {isa = PBXBuildFile; fileRef = EC732D771BE8587100AC13A9 /* MttAddressBar.m */; settings = {ASSET_TAGS = (); }; };
		EC732D7D1BE897AF00AC13A9 /* MttBrowserWindowController.m in Sources */ = {isa = PBXBuildFile; fileRef = EC732D7C1BE897AF00AC13A9 /* MttBrowserWindowController.m */; settings = {ASSET_TAGS = (); }; };
		EC732D801BE898CC00AC13A9 /* MttBrowserWindowManager.m in Sources */ = {isa = PBXBuildFile; fileRef = EC732D7F1BE898CC00AC13A9 /* MttBrowserWindowManager.m */; settings = {ASSET_TAGS = (); }; };
		EC732D861BE8B3FD00AC13A9 /* MttBrowserListController.m in Sources */ = {isa = PBXBuildFile; fileRef = EC732D851BE8B3FD00AC13A9 /* MttBrowserListController.m */; settings = {ASSET_TAGS = (); }; };
		EC732D891BE8B74C00AC13A9 /* MttBrowserItemCell.m in Sources */ = {isa = PBXBuildFile; fileRef = EC732D881BE8B74C00AC13A9 /* MttBrowserItemCell.m */; settings = {ASSET_TAGS = (); }; };
/* End PBXBuildFile section */

/* Begin PBXFileReference section */
		EC732D591BE856B300AC13A9 /* WKBrowser.app */ = {isa = PBXFileReference; explicitFileType = wrapper.application; includeInIndex = 0; path = WKBrowser.app; sourceTree = BUILT_PRODUCTS_DIR; };
		EC732D5D1BE856B300AC13A9 /* main.m */ = {isa = PBXFileReference; lastKnownFileType = sourcecode.c.objc; path = main.m; sourceTree = "<group>"; };
		EC732D5F1BE856B300AC13A9 /* AppDelegate.h */ = {isa = PBXFileReference; lastKnownFileType = sourcecode.c.h; path = AppDelegate.h; sourceTree = "<group>"; };
		EC732D601BE856B300AC13A9 /* AppDelegate.m */ = {isa = PBXFileReference; lastKnownFileType = sourcecode.c.objc; path = AppDelegate.m; sourceTree = "<group>"; };
		EC732D661BE856B300AC13A9 /* Base */ = {isa = PBXFileReference; lastKnownFileType = file.storyboard; name = Base; path = Base.lproj/Main.storyboard; sourceTree = "<group>"; };
		EC732D681BE856B300AC13A9 /* Assets.xcassets */ = {isa = PBXFileReference; lastKnownFileType = folder.assetcatalog; path = Assets.xcassets; sourceTree = "<group>"; };
		EC732D6B1BE856B300AC13A9 /* Base */ = {isa = PBXFileReference; lastKnownFileType = file.storyboard; name = Base; path = Base.lproj/LaunchScreen.storyboard; sourceTree = "<group>"; };
		EC732D6D1BE856B300AC13A9 /* Info.plist */ = {isa = PBXFileReference; lastKnownFileType = text.plist.xml; path = Info.plist; sourceTree = "<group>"; };
		EC732D731BE8570100AC13A9 /* MttMainViewController.h */ = {isa = PBXFileReference; fileEncoding = 4; lastKnownFileType = sourcecode.c.h; path = MttMainViewController.h; sourceTree = "<group>"; };
		EC732D741BE8570100AC13A9 /* MttMainViewController.m */ = {isa = PBXFileReference; fileEncoding = 4; lastKnownFileType = sourcecode.c.objc; path = MttMainViewController.m; sourceTree = "<group>"; };
		EC732D761BE8587100AC13A9 /* MttAddressBar.h */ = {isa = PBXFileReference; fileEncoding = 4; lastKnownFileType = sourcecode.c.h; path = MttAddressBar.h; sourceTree = "<group>"; };
		EC732D771BE8587100AC13A9 /* MttAddressBar.m */ = {isa = PBXFileReference; fileEncoding = 4; lastKnownFileType = sourcecode.c.objc; path = MttAddressBar.m; sourceTree = "<group>"; };
		EC732D7B1BE897AF00AC13A9 /* MttBrowserWindowController.h */ = {isa = PBXFileReference; fileEncoding = 4; lastKnownFileType = sourcecode.c.h; path = MttBrowserWindowController.h; sourceTree = "<group>"; };
		EC732D7C1BE897AF00AC13A9 /* MttBrowserWindowController.m */ = {isa = PBXFileReference; fileEncoding = 4; lastKnownFileType = sourcecode.c.objc; path = MttBrowserWindowController.m; sourceTree = "<group>"; };
		EC732D7E1BE898CC00AC13A9 /* MttBrowserWindowManager.h */ = {isa = PBXFileReference; fileEncoding = 4; lastKnownFileType = sourcecode.c.h; path = MttBrowserWindowManager.h; sourceTree = "<group>"; };
		EC732D7F1BE898CC00AC13A9 /* MttBrowserWindowManager.m */ = {isa = PBXFileReference; fileEncoding = 4; lastKnownFileType = sourcecode.c.objc; path = MttBrowserWindowManager.m; sourceTree = "<group>"; };
		EC732D811BE898E800AC13A9 /* Singleton.h */ = {isa = PBXFileReference; lastKnownFileType = sourcecode.c.h; path = Singleton.h; sourceTree = "<group>"; };
		EC732D831BE8A3A300AC13A9 /* MttNotifications.h */ = {isa = PBXFileReference; lastKnownFileType = sourcecode.c.h; path = MttNotifications.h; sourceTree = "<group>"; };
		EC732D841BE8B3FD00AC13A9 /* MttBrowserListController.h */ = {isa = PBXFileReference; fileEncoding = 4; lastKnownFileType = sourcecode.c.h; path = MttBrowserListController.h; sourceTree = "<group>"; };
		EC732D851BE8B3FD00AC13A9 /* MttBrowserListController.m */ = {isa = PBXFileReference; fileEncoding = 4; lastKnownFileType = sourcecode.c.objc; path = MttBrowserListController.m; sourceTree = "<group>"; };
		EC732D871BE8B74C00AC13A9 /* MttBrowserItemCell.h */ = {isa = PBXFileReference; fileEncoding = 4; lastKnownFileType = sourcecode.c.h; path = MttBrowserItemCell.h; sourceTree = "<group>"; };
		EC732D881BE8B74C00AC13A9 /* MttBrowserItemCell.m */ = {isa = PBXFileReference; fileEncoding = 4; lastKnownFileType = sourcecode.c.objc; path = MttBrowserItemCell.m; sourceTree = "<group>"; };
/* End PBXFileReference section */

/* Begin PBXFrameworksBuildPhase section */
		EC732D561BE856B300AC13A9 /* Frameworks */ = {
			isa = PBXFrameworksBuildPhase;
			buildActionMask = 2147483647;
			files = (
			);
			runOnlyForDeploymentPostprocessing = 0;
		};
/* End PBXFrameworksBuildPhase section */

/* Begin PBXGroup section */
		EC732D501BE856B300AC13A9 = {
			isa = PBXGroup;
			children = (
				EC732D5B1BE856B300AC13A9 /* WKBrowser */,
				EC732D5A1BE856B300AC13A9 /* Products */,
			);
			sourceTree = "<group>";
		};
		EC732D5A1BE856B300AC13A9 /* Products */ = {
			isa = PBXGroup;
			children = (
				EC732D591BE856B300AC13A9 /* WKBrowser.app */,
			);
			name = Products;
			sourceTree = "<group>";
		};
		EC732D5B1BE856B300AC13A9 /* WKBrowser */ = {
			isa = PBXGroup;
			children = (
				EC732D5F1BE856B300AC13A9 /* AppDelegate.h */,
				EC732D601BE856B300AC13A9 /* AppDelegate.m */,
				EC732D651BE856B300AC13A9 /* Main.storyboard */,
				EC732D681BE856B300AC13A9 /* Assets.xcassets */,
				EC732D6A1BE856B300AC13A9 /* LaunchScreen.storyboard */,
				EC732D6D1BE856B300AC13A9 /* Info.plist */,
				EC732D5C1BE856B300AC13A9 /* Supporting Files */,
				EC732D731BE8570100AC13A9 /* MttMainViewController.h */,
				EC732D741BE8570100AC13A9 /* MttMainViewController.m */,
				EC732D761BE8587100AC13A9 /* MttAddressBar.h */,
				EC732D771BE8587100AC13A9 /* MttAddressBar.m */,
				EC732D7B1BE897AF00AC13A9 /* MttBrowserWindowController.h */,
				EC732D7C1BE897AF00AC13A9 /* MttBrowserWindowController.m */,
				EC732D7E1BE898CC00AC13A9 /* MttBrowserWindowManager.h */,
				EC732D7F1BE898CC00AC13A9 /* MttBrowserWindowManager.m */,
				EC732D811BE898E800AC13A9 /* Singleton.h */,
				EC732D831BE8A3A300AC13A9 /* MttNotifications.h */,
				EC732D841BE8B3FD00AC13A9 /* MttBrowserListController.h */,
				EC732D851BE8B3FD00AC13A9 /* MttBrowserListController.m */,
				EC732D871BE8B74C00AC13A9 /* MttBrowserItemCell.h */,
				EC732D881BE8B74C00AC13A9 /* MttBrowserItemCell.m */,
			);
			path = WKBrowser;
			sourceTree = "<group>";
		};
		EC732D5C1BE856B300AC13A9 /* Supporting Files */ = {
			isa = PBXGroup;
			children = (
				EC732D5D1BE856B300AC13A9 /* main.m */,
			);
			name = "Supporting Files";
			sourceTree = "<group>";
		};
/* End PBXGroup section */

/* Begin PBXNativeTarget section */
		EC732D581BE856B300AC13A9 /* WKBrowser */ = {
			isa = PBXNativeTarget;
			buildConfigurationList = EC732D701BE856B300AC13A9 /* Build configuration list for PBXNativeTarget "WKBrowser" */;
			buildPhases = (
				EC732D551BE856B300AC13A9 /* Sources */,
				EC732D561BE856B300AC13A9 /* Frameworks */,
				EC732D571BE856B300AC13A9 /* Resources */,
			);
			buildRules = (
			);
			dependencies = (
			);
			name = WKBrowser;
			productName = WKBrowser;
			productReference = EC732D591BE856B300AC13A9 /* WKBrowser.app */;
			productType = "com.apple.product-type.application";
		};
/* End PBXNativeTarget section */

/* Begin PBXProject section */
		EC732D511BE856B300AC13A9 /* Project object */ = {
			isa = PBXProject;
			attributes = {
				CLASSPREFIX = Mtt;
				LastUpgradeCheck = 0700;
				ORGANIZATIONNAME = Tencent;
				TargetAttributes = {
					EC732D581BE856B300AC13A9 = {
						CreatedOnToolsVersion = 7.0.1;
					};
				};
			};
			buildConfigurationList = EC732D541BE856B300AC13A9 /* Build configuration list for PBXProject "WKBrowser" */;
			compatibilityVersion = "Xcode 3.2";
			developmentRegion = English;
			hasScannedForEncodings = 0;
			knownRegions = (
				en,
				Base,
			);
			mainGroup = EC732D501BE856B300AC13A9;
			productRefGroup = EC732D5A1BE856B300AC13A9 /* Products */;
			projectDirPath = "";
			projectRoot = "";
			targets = (
				EC732D581BE856B300AC13A9 /* WKBrowser */,
			);
		};
/* End PBXProject section */

/* Begin PBXResourcesBuildPhase section */
		EC732D571BE856B300AC13A9 /* Resources */ = {
			isa = PBXResourcesBuildPhase;
			buildActionMask = 2147483647;
			files = (
				EC732D6C1BE856B300AC13A9 /* LaunchScreen.storyboard in Resources */,
				EC732D691BE856B300AC13A9 /* Assets.xcassets in Resources */,
				EC732D671BE856B300AC13A9 /* Main.storyboard in Resources */,
			);
			runOnlyForDeploymentPostprocessing = 0;
		};
/* End PBXResourcesBuildPhase section */

/* Begin PBXSourcesBuildPhase section */
		EC732D551BE856B300AC13A9 /* Sources */ = {
			isa = PBXSourcesBuildPhase;
			buildActionMask = 2147483647;
			files = (
				EC732D7D1BE897AF00AC13A9 /* MttBrowserWindowController.m in Sources */,
				EC732D751BE8570100AC13A9 /* MttMainViewController.m in Sources */,
				EC732D611BE856B300AC13A9 /* AppDelegate.m in Sources */,
				EC732D861BE8B3FD00AC13A9 /* MttBrowserListController.m in Sources */,
				EC732D781BE8587100AC13A9 /* MttAddressBar.m in Sources */,
				EC732D801BE898CC00AC13A9 /* MttBrowserWindowManager.m in Sources */,
				EC732D5E1BE856B300AC13A9 /* main.m in Sources */,
				EC732D891BE8B74C00AC13A9 /* MttBrowserItemCell.m in Sources */,
			);
			runOnlyForDeploymentPostprocessing = 0;
		};
/* End PBXSourcesBuildPhase section */

/* Begin PBXVariantGroup section */
		EC732D651BE856B300AC13A9 /* Main.storyboard */ = {
			isa = PBXVariantGroup;
			children = (
				EC732D661BE856B300AC13A9 /* Base */,
			);
			name = Main.storyboard;
			sourceTree = "<group>";
		};
		EC732D6A1BE856B300AC13A9 /* LaunchScreen.storyboard */ = {
			isa = PBXVariantGroup;
			children = (
				EC732D6B1BE856B300AC13A9 /* Base */,
			);
			name = LaunchScreen.storyboard;
			sourceTree = "<group>";
		};
/* End PBXVariantGroup section */

/* Begin XCBuildConfiguration section */
		EC732D6E1BE856B300AC13A9 /* Debug */ = {
			isa = XCBuildConfiguration;
			buildSettings = {
				ALWAYS_SEARCH_USER_PATHS = NO;
				CLANG_CXX_LANGUAGE_STANDARD = "gnu++0x";
				CLANG_CXX_LIBRARY = "libc++";
				CLANG_ENABLE_MODULES = YES;
				CLANG_ENABLE_OBJC_ARC = YES;
				CLANG_WARN_BOOL_CONVERSION = YES;
				CLANG_WARN_CONSTANT_CONVERSION = YES;
				CLANG_WARN_DIRECT_OBJC_ISA_USAGE = YES_ERROR;
				CLANG_WARN_EMPTY_BODY = YES;
				CLANG_WARN_ENUM_CONVERSION = YES;
				CLANG_WARN_INT_CONVERSION = YES;
				CLANG_WARN_OBJC_ROOT_CLASS = YES_ERROR;
				CLANG_WARN_UNREACHABLE_CODE = YES;
				CLANG_WARN__DUPLICATE_METHOD_MATCH = YES;
				"CODE_SIGN_IDENTITY[sdk=iphoneos*]" = "iPhone Developer";
				COPY_PHASE_STRIP = NO;
				DEBUG_INFORMATION_FORMAT = dwarf;
				ENABLE_STRICT_OBJC_MSGSEND = YES;
				ENABLE_TESTABILITY = YES;
				GCC_C_LANGUAGE_STANDARD = gnu99;
				GCC_DYNAMIC_NO_PIC = NO;
				GCC_NO_COMMON_BLOCKS = YES;
				GCC_OPTIMIZATION_LEVEL = 0;
				GCC_PREPROCESSOR_DEFINITIONS = (
					"DEBUG=1",
					"$(inherited)",
				);
				GCC_WARN_64_TO_32_BIT_CONVERSION = YES;
				GCC_WARN_ABOUT_RETURN_TYPE = YES_ERROR;
				GCC_WARN_UNDECLARED_SELECTOR = YES;
				GCC_WARN_UNINITIALIZED_AUTOS = YES_AGGRESSIVE;
				GCC_WARN_UNUSED_FUNCTION = YES;
				GCC_WARN_UNUSED_VARIABLE = YES;
				IPHONEOS_DEPLOYMENT_TARGET = 9.0;
				MTL_ENABLE_DEBUG_INFO = YES;
				ONLY_ACTIVE_ARCH = YES;
				SDKROOT = iphoneos;
				TARGETED_DEVICE_FAMILY = "1,2";
			};
			name = Debug;
		};
		EC732D6F1BE856B300AC13A9 /* Release */ = {
			isa = XCBuildConfiguration;
			buildSettings = {
				ALWAYS_SEARCH_USER_PATHS = NO;
				CLANG_CXX_LANGUAGE_STANDARD = "gnu++0x";
				CLANG_CXX_LIBRARY = "libc++";
				CLANG_ENABLE_MODULES = YES;
				CLANG_ENABLE_OBJC_ARC = YES;
				CLANG_WARN_BOOL_CONVERSION = YES;
				CLANG_WARN_CONSTANT_CONVERSION = YES;
				CLANG_WARN_DIRECT_OBJC_ISA_USAGE = YES_ERROR;
				CLANG_WARN_EMPTY_BODY = YES;
				CLANG_WARN_ENUM_CONVERSION = YES;
				CLANG_WARN_INT_CONVERSION = YES;
				CLANG_WARN_OBJC_ROOT_CLASS = YES_ERROR;
				CLANG_WARN_UNREACHABLE_CODE = YES;
				CLANG_WARN__DUPLICATE_METHOD_MATCH = YES;
				"CODE_SIGN_IDENTITY[sdk=iphoneos*]" = "iPhone Developer";
				COPY_PHASE_STRIP = NO;
				DEBUG_INFORMATION_FORMAT = "dwarf-with-dsym";
				ENABLE_NS_ASSERTIONS = NO;
				ENABLE_STRICT_OBJC_MSGSEND = YES;
				GCC_C_LANGUAGE_STANDARD = gnu99;
				GCC_NO_COMMON_BLOCKS = YES;
				GCC_WARN_64_TO_32_BIT_CONVERSION = YES;
				GCC_WARN_ABOUT_RETURN_TYPE = YES_ERROR;
				GCC_WARN_UNDECLARED_SELECTOR = YES;
				GCC_WARN_UNINITIALIZED_AUTOS = YES_AGGRESSIVE;
				GCC_WARN_UNUSED_FUNCTION = YES;
				GCC_WARN_UNUSED_VARIABLE = YES;
				IPHONEOS_DEPLOYMENT_TARGET = 9.0;
				MTL_ENABLE_DEBUG_INFO = NO;
				SDKROOT = iphoneos;
				TARGETED_DEVICE_FAMILY = "1,2";
				VALIDATE_PRODUCT = YES;
			};
			name = Release;
		};
		EC732D711BE856B300AC13A9 /* Debug */ = {
			isa = XCBuildConfiguration;
			buildSettings = {
				ASSETCATALOG_COMPILER_APPICON_NAME = AppIcon;
				INFOPLIST_FILE = WKBrowser/Info.plist;
				LD_RUNPATH_SEARCH_PATHS = "$(inherited) @executable_path/Frameworks";
				PRODUCT_BUNDLE_IDENTIFIER = com.tencent.WKBrowser;
				PRODUCT_NAME = "$(TARGET_NAME)";
			};
			name = Debug;
		};
		EC732D721BE856B300AC13A9 /* Release */ = {
			isa = XCBuildConfiguration;
			buildSettings = {
				ASSETCATALOG_COMPILER_APPICON_NAME = AppIcon;
				INFOPLIST_FILE = WKBrowser/Info.plist;
				LD_RUNPATH_SEARCH_PATHS = "$(inherited) @executable_path/Frameworks";
				PRODUCT_BUNDLE_IDENTIFIER = com.tencent.WKBrowser;
				PRODUCT_NAME = "$(TARGET_NAME)";
			};
			name = Release;
		};
/* End XCBuildConfiguration section */

/* Begin XCConfigurationList section */
		EC732D541BE856B300AC13A9 /* Build configuration list for PBXProject "WKBrowser" */ = {
			isa = XCConfigurationList;
			buildConfigurations = (
				EC732D6E1BE856B300AC13A9 /* Debug */,
				EC732D6F1BE856B300AC13A9 /* Release */,
			);
			defaultConfigurationIsVisible = 0;
			defaultConfigurationName = Release;
		};
		EC732D701BE856B300AC13A9 /* Build configuration list for PBXNativeTarget "WKBrowser" */ = {
			isa = XCConfigurationList;
			buildConfigurations = (
				EC732D711BE856B300AC13A9 /* Debug */,
				EC732D721BE856B300AC13A9 /* Release */,
			);
			defaultConfigurationIsVisible = 0;
		};
/* End XCConfigurationList section */
	};
	rootObject = EC732D511BE856B300AC13A9 /* Project object */;
}
